
Microsoft Visual Studio Solution File, Format Version 12.00
# Visual Studio Version 16
VisualStudioVersion = 16.0.29728.190
MinimumVisualStudioVersion = 10.0.40219.1
Project("{FAE04EC0-301F-11D3-BF4B-00C04F79EFBC}") = "slnPicoYPlaca", "slnPicoYPlaca\slnPicoYPlaca.csproj", "{77BCE455-94D9-4263-94C6-29D6ACEC543D}"
EndProject
Global
	GlobalSection(SolutionConfigurationPlatforms) = preSolution
		Debug|Any CPU = Debug|Any CPU
		Release|Any CPU = Release|Any CPU
	EndGlobalSection
	GlobalSection(ProjectConfigurationPlatforms) = postSolution
		{77BCE455-94D9-4263-94C6-29D6ACEC543D}.Debug|Any CPU.ActiveCfg = Debug|Any CPU
		{77BCE455-94D9-4263-94C6-29D6ACEC543D}.Debug|Any CPU.Build.0 = Debug|Any CPU
		{77BCE455-94D9-4263-94C6-29D6ACEC543D}.Release|Any CPU.ActiveCfg = Release|Any CPU
		{77BCE455-94D9-4263-94C6-29D6ACEC543D}.Release|Any CPU.Build.0 = Release|Any CPU
	EndGlobalSection
	GlobalSection(SolutionProperties) = preSolution
		HideSolutionNode = FALSE
	EndGlobalSection
	GlobalSection(ExtensibilityGlobals) = postSolution
		SolutionGuid = {D8E2676C-BBC5-485D-807B-E35C6F8408EC}
	EndGlobalSection
EndGlobal
